{
  "version": 4,
  "terraform_version": "1.6.5",
  "serial": 3,
  "lineage": "29c2fdef-ac33-f6b0-758a-63685fac0794",
  "outputs": {},
  "resources": [
    {
      "mode": "managed",
      "type": "aws_eip",
      "name": "myeip_01",
      "provider": "provider[\"registry.terraform.io/hashicorp/aws\"]",
      "instances": [
        {
          "schema_version": 0,
          "attributes": {
            "address": null,
            "allocation_id": "eipalloc-0487518e35aef1e0b",
            "arn": "arn:aws:ec2:us-east-1:767398044091:elastic-ip/eipalloc-0487518e35aef1e0b",
            "associate_with_private_ip": null,
            "association_id": "",
            "carrier_ip": "",
            "customer_owned_ip": "",
            "customer_owned_ipv4_pool": "",
            "domain": "vpc",
            "id": "eipalloc-0487518e35aef1e0b",
            "instance": "",
            "network_border_group": "us-east-1",
            "network_interface": "",
            "private_dns": null,
            "private_ip": "",
            "ptr_record": "",
            "public_dns": "ec2-52-73-172-197.compute-1.amazonaws.com",
            "public_ip": "52.73.172.197",
            "public_ipv4_pool": "amazon",
            "tags": null,
            "tags_all": {},
            "timeouts": null,
            "vpc": true
          },
          "sensitive_attributes": [],
          "private": "----------------------"
        }
      ]
    },
    {
      "mode": "managed",
      "type": "aws_eip",
      "name": "myeip_02",
      "provider": "provider[\"registry.terraform.io/hashicorp/aws\"]",
      "instances": [
        {
          "schema_version": 0,
          "attributes": {
            "address": null,
            "allocation_id": "eipalloc-0fabf4c635343690a",
            "arn": "arn:aws:ec2:us-east-1:767398044091:elastic-ip/eipalloc-0fabf4c635343690a",
            "associate_with_private_ip": null,
            "association_id": "",
            "carrier_ip": "",
            "customer_owned_ip": "",
            "customer_owned_ipv4_pool": "",
            "domain": "vpc",
            "id": "eipalloc-0fabf4c635343690a",
            "instance": "",
            "network_border_group": "us-east-1",
            "network_interface": "",
            "private_dns": null,
            "private_ip": "",
            "ptr_record": "",
            "public_dns": "ec2-3-210-251-52.compute-1.amazonaws.com",
            "public_ip": "3.210.251.52",
            "public_ipv4_pool": "amazon",
            "tags": null,
            "tags_all": {},
            "timeouts": null,
            "vpc": true
          },
          "sensitive_attributes": [],
          "private": "----------------------"
        }
      ]
    }
  ],
  "check_results": null
}
