{
  "version": 4,
  "terraform_version": "1.6.5",
  "serial": 2,
  "lineage": "29c78df5-0c6b-0ecf-aff4-a9072cff9e58",
  "outputs": {
    "public-ip": {
      "value": {
        "address": null,
        "allocation_id": "eipalloc-01e00c3df0b9814c7",
        "arn": "arn:aws:ec2:us-east-1:767398044091:elastic-ip/eipalloc-01e00c3df0b9814c7",
        "associate_with_private_ip": null,
        "association_id": "",
        "carrier_ip": "",
        "customer_owned_ip": "",
        "customer_owned_ipv4_pool": "",
        "domain": "vpc",
        "id": "eipalloc-01e00c3df0b9814c7",
        "instance": "",
        "network_border_group": "us-east-1",
        "network_interface": "",
        "private_dns": null,
        "private_ip": "",
        "ptr_record": "",
        "public_dns": "ec2-3-90-135-110.compute-1.amazonaws.com",
        "public_ip": "3.90.135.110",
        "public_ipv4_pool": "amazon",
        "tags": null,
        "tags_all": {},
        "timeouts": null,
        "vpc": true
      },
      "type": [
        "object",
        {
          "address": "string",
          "allocation_id": "string",
          "arn": "string",
          "associate_with_private_ip": "string",
          "association_id": "string",
          "carrier_ip": "string",
          "customer_owned_ip": "string",
          "customer_owned_ipv4_pool": "string",
          "domain": "string",
          "id": "string",
          "instance": "string",
          "network_border_group": "string",
          "network_interface": "string",
          "private_dns": "string",
          "private_ip": "string",
          "ptr_record": "string",
          "public_dns": "string",
          "public_ip": "string",
          "public_ipv4_pool": "string",
          "tags": [
            "map",
            "string"
          ],
          "tags_all": [
            "map",
            "string"
          ],
          "timeouts": [
            "object",
            {
              "delete": "string",
              "read": "string",
              "update": "string"
            }
          ],
          "vpc": "bool"
        }
      ]
    }
  },
  "resources": [
    {
      "mode": "managed",
      "type": "aws_eip",
      "name": "lb",
      "provider": "provider[\"registry.terraform.io/hashicorp/aws\"]",
      "instances": [
        {
          "schema_version": 0,
          "attributes": {
            "address": null,
            "allocation_id": "eipalloc-01e00c3df0b9814c7",
            "arn": "arn:aws:ec2:us-east-1:[<AccountID>]:elastic-ip/eipalloc-01e00c3df0b9814c7",
            "associate_with_private_ip": null,
            "association_id": "",
            "carrier_ip": "",
            "customer_owned_ip": "",
            "customer_owned_ipv4_pool": "",
            "domain": "vpc",
            "id": "eipalloc-01e00c3df0b9814c7",
            "instance": "",
            "network_border_group": "us-east-1",
            "network_interface": "",
            "private_dns": null,
            "private_ip": "",
            "ptr_record": "",
            "public_dns": "ec2-3-90-135-110.compute-1.amazonaws.com",
            "public_ip": "3.90.135.110",
            "public_ipv4_pool": "amazon",
            "tags": null,
            "tags_all": {},
            "timeouts": null,
            "vpc": true
          },
          "sensitive_attributes": [],
          "private": "eyJlMmJmYjczMC1lY2FhLTExZTYtOGY4OC0zNzxbnckjhagsdbkjfhauw2hqmsnadvZGVsZXRlIjoxODAwMDAwMDAwMDAsInJlYWQiOjkwMDAwMDAwMDA[]zMDAwMDAwMDAwMDB9fQ=="
        }
      ]
    }
  ],
  "check_results": null
}
